
Microsoft Visual Studio Solution File, Format Version 12.00
# Visual Studio Version 16
VisualStudioVersion = 16.0.31729.503
MinimumVisualStudioVersion = 10.0.40219.1
Project("{FAE04EC0-301F-11D3-BF4B-00C04F79EFBC}") = "Proekt v2", "Proekt v2\Proekt v2.csproj", "{CDA6171A-E8EB-47F8-8B03-31B71B3DBD77}"
EndProject
Global
	GlobalSection(SolutionConfigurationPlatforms) = preSolution
		Debug|Any CPU = Debug|Any CPU
		Release|Any CPU = Release|Any CPU
	EndGlobalSection
	GlobalSection(ProjectConfigurationPlatforms) = postSolution
		{CDA6171A-E8EB-47F8-8B03-31B71B3DBD77}.Debug|Any CPU.ActiveCfg = Debug|Any CPU
		{CDA6171A-E8EB-47F8-8B03-31B71B3DBD77}.Debug|Any CPU.Build.0 = Debug|Any CPU
		{CDA6171A-E8EB-47F8-8B03-31B71B3DBD77}.Release|Any CPU.ActiveCfg = Release|Any CPU
		{CDA6171A-E8EB-47F8-8B03-31B71B3DBD77}.Release|Any CPU.Build.0 = Release|Any CPU
	EndGlobalSection
	GlobalSection(SolutionProperties) = preSolution
		HideSolutionNode = FALSE
	EndGlobalSection
	GlobalSection(ExtensibilityGlobals) = postSolution
		SolutionGuid = {B29DFE42-2BD0-4137-84C4-78067752EB41}
	EndGlobalSection
EndGlobal
